# THIS IS AN AUTOGENERATED FILE. DO NOT EDIT THIS FILE DIRECTLY.
# yarn lockfile v1


anytool@^1.0.2:
  version "1.0.2"
  resolved "https://registry.yarnpkg.com/anytool/-/anytool-1.0.2.tgz#adad06267b5e68d597f93a3a3733ee86b877d84a"
  integrity sha512-VvdX3aeYArOWZcOFJYD5RuX+bcUWt0zQ/PF7SVfLGCjkgeRUFdfXQVg3UNx+sVRJHpJOqzHrGJasIal0WLCMbA==
